
Microsoft Visual Studio Solution File, Format Version 12.00
# Visual Studio Version 17
VisualStudioVersion = 17.0.31903.59
MinimumVisualStudioVersion = 10.0.40219.1
Project("{FAE04EC0-301F-11D3-BF4B-00C04F79EFBC}") = "TaskFlow.Core", "TaskFlow.Core\TaskFlow.Core.csproj", "{85D0158A-6FEC-4B1D-A4B8-147A352A6ADC}"
EndProject
Project("{FAE04EC0-301F-11D3-BF4B-00C04F79EFBC}") = "TaskFlow.Infrastructure", "TaskFlow.Infrastructure\TaskFlow.Infrastructure.csproj", "{2FD7DD98-FFA4-4D4D-A25C-67290239B0A5}"
EndProject
Project("{FAE04EC0-301F-11D3-BF4B-00C04F79EFBC}") = "TaskFlow.Web", "TaskFlow.Web\TaskFlow.Web.csproj", "{2BB557B2-9F2E-4C27-8143-4E6D293B3CAE}"
EndProject
Global
	GlobalSection(SolutionConfigurationPlatforms) = preSolution
		Debug|Any CPU = Debug|Any CPU
		Debug|x64 = Debug|x64
		Debug|x86 = Debug|x86
		Release|Any CPU = Release|Any CPU
		Release|x64 = Release|x64
		Release|x86 = Release|x86
	EndGlobalSection
	GlobalSection(ProjectConfigurationPlatforms) = postSolution
		{85D0158A-6FEC-4B1D-A4B8-147A352A6ADC}.Debug|Any CPU.ActiveCfg = Debug|Any CPU
		{85D0158A-6FEC-4B1D-A4B8-147A352A6ADC}.Debug|Any CPU.Build.0 = Debug|Any CPU
		{85D0158A-6FEC-4B1D-A4B8-147A352A6ADC}.Debug|x64.ActiveCfg = Debug|Any CPU
		{85D0158A-6FEC-4B1D-A4B8-147A352A6ADC}.Debug|x64.Build.0 = Debug|Any CPU
		{85D0158A-6FEC-4B1D-A4B8-147A352A6ADC}.Debug|x86.ActiveCfg = Debug|Any CPU
		{85D0158A-6FEC-4B1D-A4B8-147A352A6ADC}.Debug|x86.Build.0 = Debug|Any CPU
		{85D0158A-6FEC-4B1D-A4B8-147A352A6ADC}.Release|Any CPU.ActiveCfg = Release|Any CPU
		{85D0158A-6FEC-4B1D-A4B8-147A352A6ADC}.Release|Any CPU.Build.0 = Release|Any CPU
		{85D0158A-6FEC-4B1D-A4B8-147A352A6ADC}.Release|x64.ActiveCfg = Release|Any CPU
		{85D0158A-6FEC-4B1D-A4B8-147A352A6ADC}.Release|x64.Build.0 = Release|Any CPU
		{85D0158A-6FEC-4B1D-A4B8-147A352A6ADC}.Release|x86.ActiveCfg = Release|Any CPU
		{85D0158A-6FEC-4B1D-A4B8-147A352A6ADC}.Release|x86.Build.0 = Release|Any CPU
		{2FD7DD98-FFA4-4D4D-A25C-67290239B0A5}.Debug|Any CPU.ActiveCfg = Debug|Any CPU
		{2FD7DD98-FFA4-4D4D-A25C-67290239B0A5}.Debug|Any CPU.Build.0 = Debug|Any CPU
		{2FD7DD98-FFA4-4D4D-A25C-67290239B0A5}.Debug|x64.ActiveCfg = Debug|Any CPU
		{2FD7DD98-FFA4-4D4D-A25C-67290239B0A5}.Debug|x64.Build.0 = Debug|Any CPU
		{2FD7DD98-FFA4-4D4D-A25C-67290239B0A5}.Debug|x86.ActiveCfg = Debug|Any CPU
		{2FD7DD98-FFA4-4D4D-A25C-67290239B0A5}.Debug|x86.Build.0 = Debug|Any CPU
		{2FD7DD98-FFA4-4D4D-A25C-67290239B0A5}.Release|Any CPU.ActiveCfg = Release|Any CPU
		{2FD7DD98-FFA4-4D4D-A25C-67290239B0A5}.Release|Any CPU.Build.0 = Release|Any CPU
		{2FD7DD98-FFA4-4D4D-A25C-67290239B0A5}.Release|x64.ActiveCfg = Release|Any CPU
		{2FD7DD98-FFA4-4D4D-A25C-67290239B0A5}.Release|x64.Build.0 = Release|Any CPU
		{2FD7DD98-FFA4-4D4D-A25C-67290239B0A5}.Release|x86.ActiveCfg = Release|Any CPU
		{2FD7DD98-FFA4-4D4D-A25C-67290239B0A5}.Release|x86.Build.0 = Release|Any CPU
		{2BB557B2-9F2E-4C27-8143-4E6D293B3CAE}.Debug|Any CPU.ActiveCfg = Debug|Any CPU
		{2BB557B2-9F2E-4C27-8143-4E6D293B3CAE}.Debug|Any CPU.Build.0 = Debug|Any CPU
		{2BB557B2-9F2E-4C27-8143-4E6D293B3CAE}.Debug|x64.ActiveCfg = Debug|Any CPU
		{2BB557B2-9F2E-4C27-8143-4E6D293B3CAE}.Debug|x64.Build.0 = Debug|Any CPU
		{2BB557B2-9F2E-4C27-8143-4E6D293B3CAE}.Debug|x86.ActiveCfg = Debug|Any CPU
		{2BB557B2-9F2E-4C27-8143-4E6D293B3CAE}.Debug|x86.Build.0 = Debug|Any CPU
		{2BB557B2-9F2E-4C27-8143-4E6D293B3CAE}.Release|Any CPU.ActiveCfg = Release|Any CPU
		{2BB557B2-9F2E-4C27-8143-4E6D293B3CAE}.Release|Any CPU.Build.0 = Release|Any CPU
		{2BB557B2-9F2E-4C27-8143-4E6D293B3CAE}.Release|x64.ActiveCfg = Release|Any CPU
		{2BB557B2-9F2E-4C27-8143-4E6D293B3CAE}.Release|x64.Build.0 = Release|Any CPU
		{2BB557B2-9F2E-4C27-8143-4E6D293B3CAE}.Release|x86.ActiveCfg = Release|Any CPU
		{2BB557B2-9F2E-4C27-8143-4E6D293B3CAE}.Release|x86.Build.0 = Release|Any CPU
	EndGlobalSection
	GlobalSection(SolutionProperties) = preSolution
		HideSolutionNode = FALSE
	EndGlobalSection
EndGlobal
